scikit-learn==1.7.1
matplotlib==3.9.2
streamlit==1.50.0
anthropic==0.64.0
backoff==2.2.1
black==25.1.0
coolname==2.2.0
dataclasses-json==0.6.7
funcy==2.0
genson==1.3.0
humanize==4.12.3
jsonschema==4.25.1
omegaconf==2.3.0
openai==1.99.9
pandas==2.2.3
python-igraph==0.11.9
PyYAML==6.0.2
rich==14.1.0
shutup==0.2.0
